
Microsoft Visual Studio Solution File, Format Version 12.00
Project("{FAE04EC0-301F-11D3-BF4B-00C04F79EFBC}") = "PasswordManager.Domain", "PasswordManager.Domain\PasswordManager.Domain.csproj", "{8FA779CD-BB92-470F-94C9-999324D7F872}"
EndProject
Project("{FAE04EC0-301F-11D3-BF4B-00C04F79EFBC}") = "PasswordManager.Application", "PasswordManager.Application\PasswordManager.Application.csproj", "{056A62DB-0B60-4160-8711-D29751D60999}"
EndProject
Project("{FAE04EC0-301F-11D3-BF4B-00C04F79EFBC}") = "PasswordManager.Infrastructure", "PasswordManager.Infrastructure\PasswordManager.Infrastructure.csproj", "{93E03799-0126-4ED4-819A-14A12996C98E}"
EndProject
Project("{FAE04EC0-301F-11D3-BF4B-00C04F79EFBC}") = "PasswordManager.Tests", "PasswordManager.Tests\PasswordManager.Tests.csproj", "{62375F74-3F00-476F-A153-CE29FC4D7285}"
EndProject
Project("{FAE04EC0-301F-11D3-BF4B-00C04F79EFBC}") = "PasswordManager.ConsoleUI", "PasswordManager.ConsoleUI\PasswordManager.ConsoleUI.csproj", "{0DA3B0DD-63B3-4031-9ADC-5AFFA2B1DC8E}"
EndProject
Global
	GlobalSection(SolutionConfigurationPlatforms) = preSolution
		Debug|Any CPU = Debug|Any CPU
		Release|Any CPU = Release|Any CPU
	EndGlobalSection
	GlobalSection(ProjectConfigurationPlatforms) = postSolution
		{8FA779CD-BB92-470F-94C9-999324D7F872}.Debug|Any CPU.ActiveCfg = Debug|Any CPU
		{8FA779CD-BB92-470F-94C9-999324D7F872}.Debug|Any CPU.Build.0 = Debug|Any CPU
		{8FA779CD-BB92-470F-94C9-999324D7F872}.Release|Any CPU.ActiveCfg = Release|Any CPU
		{8FA779CD-BB92-470F-94C9-999324D7F872}.Release|Any CPU.Build.0 = Release|Any CPU
		{056A62DB-0B60-4160-8711-D29751D60999}.Debug|Any CPU.ActiveCfg = Debug|Any CPU
		{056A62DB-0B60-4160-8711-D29751D60999}.Debug|Any CPU.Build.0 = Debug|Any CPU
		{056A62DB-0B60-4160-8711-D29751D60999}.Release|Any CPU.ActiveCfg = Release|Any CPU
		{056A62DB-0B60-4160-8711-D29751D60999}.Release|Any CPU.Build.0 = Release|Any CPU
		{93E03799-0126-4ED4-819A-14A12996C98E}.Debug|Any CPU.ActiveCfg = Debug|Any CPU
		{93E03799-0126-4ED4-819A-14A12996C98E}.Debug|Any CPU.Build.0 = Debug|Any CPU
		{93E03799-0126-4ED4-819A-14A12996C98E}.Release|Any CPU.ActiveCfg = Release|Any CPU
		{93E03799-0126-4ED4-819A-14A12996C98E}.Release|Any CPU.Build.0 = Release|Any CPU
		{62375F74-3F00-476F-A153-CE29FC4D7285}.Debug|Any CPU.ActiveCfg = Debug|Any CPU
		{62375F74-3F00-476F-A153-CE29FC4D7285}.Debug|Any CPU.Build.0 = Debug|Any CPU
		{62375F74-3F00-476F-A153-CE29FC4D7285}.Release|Any CPU.ActiveCfg = Release|Any CPU
		{62375F74-3F00-476F-A153-CE29FC4D7285}.Release|Any CPU.Build.0 = Release|Any CPU
		{0DA3B0DD-63B3-4031-9ADC-5AFFA2B1DC8E}.Debug|Any CPU.ActiveCfg = Debug|Any CPU
		{0DA3B0DD-63B3-4031-9ADC-5AFFA2B1DC8E}.Debug|Any CPU.Build.0 = Debug|Any CPU
		{0DA3B0DD-63B3-4031-9ADC-5AFFA2B1DC8E}.Release|Any CPU.ActiveCfg = Release|Any CPU
		{0DA3B0DD-63B3-4031-9ADC-5AFFA2B1DC8E}.Release|Any CPU.Build.0 = Release|Any CPU
	EndGlobalSection
EndGlobal
